
Microsoft Visual Studio Solution File, Format Version 12.00
# Visual Studio Version 16
VisualStudioVersion = 16.0.29418.71
MinimumVisualStudioVersion = 10.0.40219.1
Project("{00D1A9C2-B5F0-4AF3-8072-F6C62B433612}") = "main_database", "main_database\main_database.sqlproj", "{14E80A30-5A8C-4F74-88D7-216230590B38}"
EndProject
Project("{00D1A9C2-B5F0-4AF3-8072-F6C62B433612}") = "QA", "QA\QA.sqlproj", "{1DBCE6CA-0EDA-4EDB-899E-3409D10E723F}"
EndProject
Global
	GlobalSection(SolutionConfigurationPlatforms) = preSolution
		Debug|Any CPU = Debug|Any CPU
		Release|Any CPU = Release|Any CPU
	EndGlobalSection
	GlobalSection(ProjectConfigurationPlatforms) = postSolution
		{14E80A30-5A8C-4F74-88D7-216230590B38}.Debug|Any CPU.ActiveCfg = Debug|Any CPU
		{14E80A30-5A8C-4F74-88D7-216230590B38}.Debug|Any CPU.Build.0 = Debug|Any CPU
		{14E80A30-5A8C-4F74-88D7-216230590B38}.Debug|Any CPU.Deploy.0 = Debug|Any CPU
		{14E80A30-5A8C-4F74-88D7-216230590B38}.Release|Any CPU.ActiveCfg = Release|Any CPU
		{14E80A30-5A8C-4F74-88D7-216230590B38}.Release|Any CPU.Build.0 = Release|Any CPU
		{14E80A30-5A8C-4F74-88D7-216230590B38}.Release|Any CPU.Deploy.0 = Release|Any CPU
		{1DBCE6CA-0EDA-4EDB-899E-3409D10E723F}.Debug|Any CPU.ActiveCfg = Debug|Any CPU
		{1DBCE6CA-0EDA-4EDB-899E-3409D10E723F}.Debug|Any CPU.Build.0 = Debug|Any CPU
		{1DBCE6CA-0EDA-4EDB-899E-3409D10E723F}.Debug|Any CPU.Deploy.0 = Debug|Any CPU
		{1DBCE6CA-0EDA-4EDB-899E-3409D10E723F}.Release|Any CPU.ActiveCfg = Release|Any CPU
		{1DBCE6CA-0EDA-4EDB-899E-3409D10E723F}.Release|Any CPU.Build.0 = Release|Any CPU
		{1DBCE6CA-0EDA-4EDB-899E-3409D10E723F}.Release|Any CPU.Deploy.0 = Release|Any CPU
	EndGlobalSection
	GlobalSection(SolutionProperties) = preSolution
		HideSolutionNode = FALSE
	EndGlobalSection
	GlobalSection(ExtensibilityGlobals) = postSolution
		SolutionGuid = {35A58776-672E-404F-9872-84D01372CE5A}
	EndGlobalSection
EndGlobal
